
Microsoft Visual Studio Solution File, Format Version 12.00
Project("{FAE04EC0-301F-11D3-BF4B-00C04F79EFBC}") = "WalletBot", "WalletBot\WalletBot.csproj", "{B49DDEA0-523B-4331-AA27-89DCC6BF745B}"
EndProject
Global
	GlobalSection(SolutionConfigurationPlatforms) = preSolution
		Debug|Any CPU = Debug|Any CPU
		Release|Any CPU = Release|Any CPU
	EndGlobalSection
	GlobalSection(ProjectConfigurationPlatforms) = postSolution
		{B49DDEA0-523B-4331-AA27-89DCC6BF745B}.Debug|Any CPU.ActiveCfg = Debug|Any CPU
		{B49DDEA0-523B-4331-AA27-89DCC6BF745B}.Debug|Any CPU.Build.0 = Debug|Any CPU
		{B49DDEA0-523B-4331-AA27-89DCC6BF745B}.Release|Any CPU.ActiveCfg = Release|Any CPU
		{B49DDEA0-523B-4331-AA27-89DCC6BF745B}.Release|Any CPU.Build.0 = Release|Any CPU
	EndGlobalSection
EndGlobal
